
Microsoft Visual Studio Solution File, Format Version 11.00
# Visual Studio 2010
Project("{FAE04EC0-301F-11D3-BF4B-00C04F79EFBC}") = "ShareBillIOS", "ShareBillIOS.csproj", "{2B1C9460-1F49-4BA0-A172-6130B2059241}"
EndProject
Global
	GlobalSection(SolutionConfigurationPlatforms) = preSolution
		Debug|iPhoneSimulator = Debug|iPhoneSimulator
		Release|iPhoneSimulator = Release|iPhoneSimulator
		Debug|iPhone = Debug|iPhone
		Release|iPhone = Release|iPhone
	EndGlobalSection
	GlobalSection(ProjectConfigurationPlatforms) = postSolution
		{2B1C9460-1F49-4BA0-A172-6130B2059241}.Debug|iPhone.ActiveCfg = Debug|iPhone
		{2B1C9460-1F49-4BA0-A172-6130B2059241}.Debug|iPhone.Build.0 = Debug|iPhone
		{2B1C9460-1F49-4BA0-A172-6130B2059241}.Debug|iPhoneSimulator.ActiveCfg = Debug|iPhoneSimulator
		{2B1C9460-1F49-4BA0-A172-6130B2059241}.Debug|iPhoneSimulator.Build.0 = Debug|iPhoneSimulator
		{2B1C9460-1F49-4BA0-A172-6130B2059241}.Release|iPhone.ActiveCfg = Release|iPhone
		{2B1C9460-1F49-4BA0-A172-6130B2059241}.Release|iPhone.Build.0 = Release|iPhone
		{2B1C9460-1F49-4BA0-A172-6130B2059241}.Release|iPhoneSimulator.ActiveCfg = Release|iPhoneSimulator
		{2B1C9460-1F49-4BA0-A172-6130B2059241}.Release|iPhoneSimulator.Build.0 = Release|iPhoneSimulator
	EndGlobalSection
	GlobalSection(MonoDevelopProperties) = preSolution
		StartupItem = ShareBillIOS.csproj
	EndGlobalSection
EndGlobal
