
Microsoft Visual Studio Solution File, Format Version 11.00
# Visual Studio 2010
Project("{FAE04EC0-301F-11D3-BF4B-00C04F79EFBC}") = "WP7TwitterSearch", "WP7TwitterSearch\WP7TwitterSearch.csproj", "{ABBC6CB8-0284-43F5-9D59-F6AC9DD0EFA7}"
EndProject
Project("{FAE04EC0-301F-11D3-BF4B-00C04F79EFBC}") = "WP7TwitterSearchContent", "WP7TwitterSearchContent\WP7TwitterSearchContent.contentproj", "{F0ADD643-5B89-43CF-8337-258C9E1E990B}"
EndProject
Global
	GlobalSection(SolutionConfigurationPlatforms) = preSolution
		Debug|Windows Phone = Debug|Windows Phone
		Release|Windows Phone = Release|Windows Phone
	EndGlobalSection
	GlobalSection(ProjectConfigurationPlatforms) = postSolution
		{ABBC6CB8-0284-43F5-9D59-F6AC9DD0EFA7}.Debug|Windows Phone.ActiveCfg = Debug|Windows Phone
		{ABBC6CB8-0284-43F5-9D59-F6AC9DD0EFA7}.Debug|Windows Phone.Build.0 = Debug|Windows Phone
		{ABBC6CB8-0284-43F5-9D59-F6AC9DD0EFA7}.Debug|Windows Phone.Deploy.0 = Debug|Windows Phone
		{ABBC6CB8-0284-43F5-9D59-F6AC9DD0EFA7}.Release|Windows Phone.ActiveCfg = Release|Windows Phone
		{ABBC6CB8-0284-43F5-9D59-F6AC9DD0EFA7}.Release|Windows Phone.Build.0 = Release|Windows Phone
		{ABBC6CB8-0284-43F5-9D59-F6AC9DD0EFA7}.Release|Windows Phone.Deploy.0 = Release|Windows Phone
		{F0ADD643-5B89-43CF-8337-258C9E1E990B}.Debug|Windows Phone.ActiveCfg = Debug|Windows Phone
		{F0ADD643-5B89-43CF-8337-258C9E1E990B}.Release|Windows Phone.ActiveCfg = Release|Windows Phone
	EndGlobalSection
	GlobalSection(SolutionProperties) = preSolution
		HideSolutionNode = FALSE
	EndGlobalSection
EndGlobal
