
Microsoft Visual Studio Solution File, Format Version 11.00
# Visual Studio 2010
Project("{FAE04EC0-301F-11D3-BF4B-00C04F79EFBC}") = "WP7TouchTales", "WP7TouchTales\WP7TouchTales\WP7TouchTales.csproj", "{5BA7FFBF-FD25-4BBE-9CAB-989BEA194052}"
EndProject
Project("{FAE04EC0-301F-11D3-BF4B-00C04F79EFBC}") = "WP7TouchTalesContent", "WP7TouchTales\WP7TouchTalesContent\WP7TouchTalesContent.contentproj", "{277C2A2E-97ED-4C9B-819A-1B37668B15EC}"
EndProject
Project("{FAE04EC0-301F-11D3-BF4B-00C04F79EFBC}") = "AndroidTouchTales", "AndroidTouchTales\AndroidTouchTales.csproj", "{18FA1557-C911-4E49-9CA2-B22D3D86F56D}"
EndProject
Global
	GlobalSection(SolutionConfigurationPlatforms) = preSolution
		Debug|Any CPU = Debug|Any CPU
		Debug|Mixed Platforms = Debug|Mixed Platforms
		Debug|Windows Phone = Debug|Windows Phone
		Release|Any CPU = Release|Any CPU
		Release|Mixed Platforms = Release|Mixed Platforms
		Release|Windows Phone = Release|Windows Phone
	EndGlobalSection
	GlobalSection(ProjectConfigurationPlatforms) = postSolution
		{5BA7FFBF-FD25-4BBE-9CAB-989BEA194052}.Debug|Any CPU.ActiveCfg = Debug|Windows Phone
		{5BA7FFBF-FD25-4BBE-9CAB-989BEA194052}.Debug|Mixed Platforms.ActiveCfg = Debug|Windows Phone
		{5BA7FFBF-FD25-4BBE-9CAB-989BEA194052}.Debug|Mixed Platforms.Build.0 = Debug|Windows Phone
		{5BA7FFBF-FD25-4BBE-9CAB-989BEA194052}.Debug|Mixed Platforms.Deploy.0 = Debug|Windows Phone
		{5BA7FFBF-FD25-4BBE-9CAB-989BEA194052}.Debug|Windows Phone.ActiveCfg = Debug|Windows Phone
		{5BA7FFBF-FD25-4BBE-9CAB-989BEA194052}.Debug|Windows Phone.Build.0 = Debug|Windows Phone
		{5BA7FFBF-FD25-4BBE-9CAB-989BEA194052}.Debug|Windows Phone.Deploy.0 = Debug|Windows Phone
		{5BA7FFBF-FD25-4BBE-9CAB-989BEA194052}.Release|Any CPU.ActiveCfg = Release|Windows Phone
		{5BA7FFBF-FD25-4BBE-9CAB-989BEA194052}.Release|Mixed Platforms.ActiveCfg = Release|Windows Phone
		{5BA7FFBF-FD25-4BBE-9CAB-989BEA194052}.Release|Mixed Platforms.Build.0 = Release|Windows Phone
		{5BA7FFBF-FD25-4BBE-9CAB-989BEA194052}.Release|Mixed Platforms.Deploy.0 = Release|Windows Phone
		{5BA7FFBF-FD25-4BBE-9CAB-989BEA194052}.Release|Windows Phone.ActiveCfg = Release|Windows Phone
		{5BA7FFBF-FD25-4BBE-9CAB-989BEA194052}.Release|Windows Phone.Build.0 = Release|Windows Phone
		{5BA7FFBF-FD25-4BBE-9CAB-989BEA194052}.Release|Windows Phone.Deploy.0 = Release|Windows Phone
		{277C2A2E-97ED-4C9B-819A-1B37668B15EC}.Debug|Any CPU.ActiveCfg = Debug|Windows Phone
		{277C2A2E-97ED-4C9B-819A-1B37668B15EC}.Debug|Mixed Platforms.ActiveCfg = Debug|Windows Phone
		{277C2A2E-97ED-4C9B-819A-1B37668B15EC}.Debug|Windows Phone.ActiveCfg = Debug|Windows Phone
		{277C2A2E-97ED-4C9B-819A-1B37668B15EC}.Release|Any CPU.ActiveCfg = Release|Windows Phone
		{277C2A2E-97ED-4C9B-819A-1B37668B15EC}.Release|Mixed Platforms.ActiveCfg = Release|Windows Phone
		{277C2A2E-97ED-4C9B-819A-1B37668B15EC}.Release|Windows Phone.ActiveCfg = Release|Windows Phone
		{18FA1557-C911-4E49-9CA2-B22D3D86F56D}.Debug|Any CPU.ActiveCfg = Debug|Any CPU
		{18FA1557-C911-4E49-9CA2-B22D3D86F56D}.Debug|Any CPU.Build.0 = Debug|Any CPU
		{18FA1557-C911-4E49-9CA2-B22D3D86F56D}.Debug|Any CPU.Deploy.0 = Debug|Any CPU
		{18FA1557-C911-4E49-9CA2-B22D3D86F56D}.Debug|Mixed Platforms.ActiveCfg = Debug|Any CPU
		{18FA1557-C911-4E49-9CA2-B22D3D86F56D}.Debug|Windows Phone.ActiveCfg = Debug|Any CPU
		{18FA1557-C911-4E49-9CA2-B22D3D86F56D}.Release|Any CPU.ActiveCfg = Release|Any CPU
		{18FA1557-C911-4E49-9CA2-B22D3D86F56D}.Release|Any CPU.Build.0 = Release|Any CPU
		{18FA1557-C911-4E49-9CA2-B22D3D86F56D}.Release|Any CPU.Deploy.0 = Release|Any CPU
		{18FA1557-C911-4E49-9CA2-B22D3D86F56D}.Release|Mixed Platforms.ActiveCfg = Release|Any CPU
		{18FA1557-C911-4E49-9CA2-B22D3D86F56D}.Release|Mixed Platforms.Build.0 = Release|Any CPU
		{18FA1557-C911-4E49-9CA2-B22D3D86F56D}.Release|Mixed Platforms.Deploy.0 = Release|Any CPU
		{18FA1557-C911-4E49-9CA2-B22D3D86F56D}.Release|Windows Phone.ActiveCfg = Release|Any CPU
	EndGlobalSection
	GlobalSection(SolutionProperties) = preSolution
		HideSolutionNode = FALSE
	EndGlobalSection
EndGlobal
