
Microsoft Visual Studio Solution File, Format Version 11.00
# Visual Studio 2010
Project("{FAE04EC0-301F-11D3-BF4B-00C04F79EFBC}") = "AndroidPigeonsAttack", "AndroidPigeonsAttack\AndroidPigeonsAttack.csproj", "{4CAAE7AC-090F-42F3-BC42-853EFB47A01F}"
EndProject
Global
	GlobalSection(SolutionConfigurationPlatforms) = preSolution
		Debug|Any CPU = Debug|Any CPU
		Release|Any CPU = Release|Any CPU
	EndGlobalSection
	GlobalSection(ProjectConfigurationPlatforms) = postSolution
		{4CAAE7AC-090F-42F3-BC42-853EFB47A01F}.Debug|Any CPU.ActiveCfg = Debug|Any CPU
		{4CAAE7AC-090F-42F3-BC42-853EFB47A01F}.Debug|Any CPU.Build.0 = Debug|Any CPU
		{4CAAE7AC-090F-42F3-BC42-853EFB47A01F}.Debug|Any CPU.Deploy.0 = Debug|Any CPU
		{4CAAE7AC-090F-42F3-BC42-853EFB47A01F}.Release|Any CPU.ActiveCfg = Release|Any CPU
		{4CAAE7AC-090F-42F3-BC42-853EFB47A01F}.Release|Any CPU.Build.0 = Release|Any CPU
		{4CAAE7AC-090F-42F3-BC42-853EFB47A01F}.Release|Any CPU.Deploy.0 = Release|Any CPU
	EndGlobalSection
	GlobalSection(SolutionProperties) = preSolution
		HideSolutionNode = FALSE
	EndGlobalSection
EndGlobal
