
Microsoft Visual Studio Solution File, Format Version 11.00
# Visual Studio 2010
Project("{FAE04EC0-301F-11D3-BF4B-00C04F79EFBC}") = "IOSTouchTales", "IOSTouchTales\IOSTouchTales.csproj", "{98CD6B73-BA5B-4D39-A974-93ECB6E858DC}"
EndProject
Global
	GlobalSection(SolutionConfigurationPlatforms) = preSolution
		Debug|iPhoneSimulator = Debug|iPhoneSimulator
		Release|iPhoneSimulator = Release|iPhoneSimulator
		Debug|iPhone = Debug|iPhone
		Release|iPhone = Release|iPhone
	EndGlobalSection
	GlobalSection(ProjectConfigurationPlatforms) = postSolution
		{98CD6B73-BA5B-4D39-A974-93ECB6E858DC}.Debug|iPhone.ActiveCfg = Debug|iPhone
		{98CD6B73-BA5B-4D39-A974-93ECB6E858DC}.Debug|iPhone.Build.0 = Debug|iPhone
		{98CD6B73-BA5B-4D39-A974-93ECB6E858DC}.Debug|iPhoneSimulator.ActiveCfg = Debug|iPhoneSimulator
		{98CD6B73-BA5B-4D39-A974-93ECB6E858DC}.Debug|iPhoneSimulator.Build.0 = Debug|iPhoneSimulator
		{98CD6B73-BA5B-4D39-A974-93ECB6E858DC}.Release|iPhone.ActiveCfg = Release|iPhone
		{98CD6B73-BA5B-4D39-A974-93ECB6E858DC}.Release|iPhone.Build.0 = Release|iPhone
		{98CD6B73-BA5B-4D39-A974-93ECB6E858DC}.Release|iPhoneSimulator.ActiveCfg = Release|iPhoneSimulator
		{98CD6B73-BA5B-4D39-A974-93ECB6E858DC}.Release|iPhoneSimulator.Build.0 = Release|iPhoneSimulator
	EndGlobalSection
	GlobalSection(MonoDevelopProperties) = preSolution
		StartupItem = IOSTouchTales\IOSTouchTales.csproj
	EndGlobalSection
EndGlobal
