
Microsoft Visual Studio Solution File, Format Version 11.00
# Visual Studio 2010
Project("{FAE04EC0-301F-11D3-BF4B-00C04F79EFBC}") = "ShareTheBill", "IOSShareTheBill\ShareTheBill.csproj", "{85EF8E6D-1C09-4799-8FCD-B23354CC18F7}"
EndProject
Global
	GlobalSection(SolutionConfigurationPlatforms) = preSolution
		Debug|iPhoneSimulator = Debug|iPhoneSimulator
		Release|iPhoneSimulator = Release|iPhoneSimulator
		Debug|iPhone = Debug|iPhone
		Release|iPhone = Release|iPhone
	EndGlobalSection
	GlobalSection(ProjectConfigurationPlatforms) = postSolution
		{85EF8E6D-1C09-4799-8FCD-B23354CC18F7}.Debug|iPhone.ActiveCfg = Debug|iPhone
		{85EF8E6D-1C09-4799-8FCD-B23354CC18F7}.Debug|iPhone.Build.0 = Debug|iPhone
		{85EF8E6D-1C09-4799-8FCD-B23354CC18F7}.Debug|iPhoneSimulator.ActiveCfg = Debug|iPhoneSimulator
		{85EF8E6D-1C09-4799-8FCD-B23354CC18F7}.Debug|iPhoneSimulator.Build.0 = Debug|iPhoneSimulator
		{85EF8E6D-1C09-4799-8FCD-B23354CC18F7}.Release|iPhone.ActiveCfg = Release|iPhone
		{85EF8E6D-1C09-4799-8FCD-B23354CC18F7}.Release|iPhone.Build.0 = Release|iPhone
		{85EF8E6D-1C09-4799-8FCD-B23354CC18F7}.Release|iPhoneSimulator.ActiveCfg = Release|iPhoneSimulator
		{85EF8E6D-1C09-4799-8FCD-B23354CC18F7}.Release|iPhoneSimulator.Build.0 = Release|iPhoneSimulator
	EndGlobalSection
	GlobalSection(MonoDevelopProperties) = preSolution
		StartupItem = IOSShareTheBill\ShareTheBill.csproj
	EndGlobalSection
EndGlobal
